
Microsoft Visual Studio Solution File, Format Version 12.00
# Visual Studio Version 17
VisualStudioVersion = 17.7.34031.279
MinimumVisualStudioVersion = 10.0.40219.1
Project("{FAE04EC0-301F-11D3-BF4B-00C04F79EFBC}") = "Book1", "Book1\Book1.csproj", "{D7F442E2-6EC5-4A17-B419-BC9C4EE968C1}"
EndProject
Global
	GlobalSection(SolutionConfigurationPlatforms) = preSolution
		Debug|Any CPU = Debug|Any CPU
		Release|Any CPU = Release|Any CPU
	EndGlobalSection
	GlobalSection(ProjectConfigurationPlatforms) = postSolution
		{D7F442E2-6EC5-4A17-B419-BC9C4EE968C1}.Debug|Any CPU.ActiveCfg = Debug|Any CPU
		{D7F442E2-6EC5-4A17-B419-BC9C4EE968C1}.Debug|Any CPU.Build.0 = Debug|Any CPU
		{D7F442E2-6EC5-4A17-B419-BC9C4EE968C1}.Release|Any CPU.ActiveCfg = Release|Any CPU
		{D7F442E2-6EC5-4A17-B419-BC9C4EE968C1}.Release|Any CPU.Build.0 = Release|Any CPU
	EndGlobalSection
	GlobalSection(SolutionProperties) = preSolution
		HideSolutionNode = FALSE
	EndGlobalSection
	GlobalSection(ExtensibilityGlobals) = postSolution
		SolutionGuid = {83688F9D-3887-49F3-82AC-5027F28D0110}
	EndGlobalSection
EndGlobal
